PODS:
  - Alamofire (5.6.4)
  - Kingfisher (7.6.2)
  - PromiseKit/CorePromise (6.18.1)
  - SwiftyJSON (5.0.1)

DEPENDENCIES:
  - Alamofire
  - Kingfisher
  - PromiseKit/CorePromise (~> 6.8)
  - SwiftyJSON

SPEC REPOS:
  trunk:
    - Alamofire
    - Kingfisher
    - PromiseKit
    - SwiftyJSON

SPEC CHECKSUMS:
  Alamofire: 4e95d97098eacb88856099c4fc79b526a299e48c
  Kingfisher: 6c5449c6450c5239166510ba04afe374a98afc4f
  PromiseKit: 49d70c53d5d20e346beaea4b276b5dd2ab446bb4
  SwiftyJSON: 2f33a42c6fbc52764d96f13368585094bfd8aa5e

PODFILE CHECKSUM: 5af503b02ab9162aa00755a8be1675f0ce3abff5

COCOAPODS: 1.12.1
